
Microsoft Visual Studio Solution File, Format Version 12.00
# Visual Studio Version 16
VisualStudioVersion = 16.0.30406.217
MinimumVisualStudioVersion = 10.0.40219.1
Project("{9A19103F-16F7-4668-BE54-9A1E7A4F7556}") = "AspCoreUdemy.Web.UI", "Web.UI\AspCoreUdemy.Web.UI.csproj", "{50450CA7-FB7C-499D-92F9-7BC0D99E8ADB}"
EndProject
Project("{9A19103F-16F7-4668-BE54-9A1E7A4F7556}") = "AspCoreUdemy.Core.Data", "AspCoreUdemy.Core.Data\AspCoreUdemy.Core.Data.csproj", "{DFFA0D03-9072-4601-8469-0761BCB68B0B}"
EndProject
Project("{2150E333-8FDC-42A3-9474-1A3956D46DE8}") = "Libs", "Libs", "{CEB0066D-E984-4FDC-8B1B-7563AD2EC7AD}"
EndProject
Project("{9A19103F-16F7-4668-BE54-9A1E7A4F7556}") = "AspCoreUdemy.BackOffice.Web.UI", "AspCoreUdemy.BackOffice.Web.UI\AspCoreUdemy.BackOffice.Web.UI.csproj", "{19E597E9-D112-4DE6-822C-1B0C8114529F}"
EndProject
Project("{FAE04EC0-301F-11D3-BF4B-00C04F79EFBC}") = "Validateurs", "Validateurs\Validateurs.csproj", "{FAB30B1B-8D3E-47F3-ADF5-B16849A418A9}"
EndProject
Global
	GlobalSection(SolutionConfigurationPlatforms) = preSolution
		Debug|Any CPU = Debug|Any CPU
		Release|Any CPU = Release|Any CPU
	EndGlobalSection
	GlobalSection(ProjectConfigurationPlatforms) = postSolution
		{50450CA7-FB7C-499D-92F9-7BC0D99E8ADB}.Debug|Any CPU.ActiveCfg = Debug|Any CPU
		{50450CA7-FB7C-499D-92F9-7BC0D99E8ADB}.Debug|Any CPU.Build.0 = Debug|Any CPU
		{50450CA7-FB7C-499D-92F9-7BC0D99E8ADB}.Release|Any CPU.ActiveCfg = Release|Any CPU
		{50450CA7-FB7C-499D-92F9-7BC0D99E8ADB}.Release|Any CPU.Build.0 = Release|Any CPU
		{DFFA0D03-9072-4601-8469-0761BCB68B0B}.Debug|Any CPU.ActiveCfg = Debug|Any CPU
		{DFFA0D03-9072-4601-8469-0761BCB68B0B}.Debug|Any CPU.Build.0 = Debug|Any CPU
		{DFFA0D03-9072-4601-8469-0761BCB68B0B}.Release|Any CPU.ActiveCfg = Release|Any CPU
		{DFFA0D03-9072-4601-8469-0761BCB68B0B}.Release|Any CPU.Build.0 = Release|Any CPU
		{19E597E9-D112-4DE6-822C-1B0C8114529F}.Debug|Any CPU.ActiveCfg = Debug|Any CPU
		{19E597E9-D112-4DE6-822C-1B0C8114529F}.Debug|Any CPU.Build.0 = Debug|Any CPU
		{19E597E9-D112-4DE6-822C-1B0C8114529F}.Release|Any CPU.ActiveCfg = Release|Any CPU
		{19E597E9-D112-4DE6-822C-1B0C8114529F}.Release|Any CPU.Build.0 = Release|Any CPU
		{FAB30B1B-8D3E-47F3-ADF5-B16849A418A9}.Debug|Any CPU.ActiveCfg = Debug|Any CPU
		{FAB30B1B-8D3E-47F3-ADF5-B16849A418A9}.Debug|Any CPU.Build.0 = Debug|Any CPU
		{FAB30B1B-8D3E-47F3-ADF5-B16849A418A9}.Release|Any CPU.ActiveCfg = Release|Any CPU
		{FAB30B1B-8D3E-47F3-ADF5-B16849A418A9}.Release|Any CPU.Build.0 = Release|Any CPU
	EndGlobalSection
	GlobalSection(SolutionProperties) = preSolution
		HideSolutionNode = FALSE
	EndGlobalSection
	GlobalSection(NestedProjects) = preSolution
		{DFFA0D03-9072-4601-8469-0761BCB68B0B} = {CEB0066D-E984-4FDC-8B1B-7563AD2EC7AD}
	EndGlobalSection
	GlobalSection(ExtensibilityGlobals) = postSolution
		SolutionGuid = {F6A2894D-412C-4749-A01E-6A20AB6287B5}
	EndGlobalSection
EndGlobal
